
Microsoft Visual Studio Solution File, Format Version 12.00
# Visual Studio 15
VisualStudioVersion = 15.0.28307.572
MinimumVisualStudioVersion = 10.0.40219.1
Project("{FAE04EC0-301F-11D3-BF4B-00C04F79EFBC}") = "DomParser", "DomParser\DomParser.csproj", "{F9E06261-2F41-4878-AE2F-73E21A3BB52B}"
EndProject
Project("{FAE04EC0-301F-11D3-BF4B-00C04F79EFBC}") = "SeleniumTester", "SeleniumTester\SeleniumTester.csproj", "{A5C78F53-910E-496D-93AB-EE81C048D22E}"
EndProject
Global
	GlobalSection(SolutionConfigurationPlatforms) = preSolution
		Debug|Any CPU = Debug|Any CPU
		Release|Any CPU = Release|Any CPU
	EndGlobalSection
	GlobalSection(ProjectConfigurationPlatforms) = postSolution
		{F9E06261-2F41-4878-AE2F-73E21A3BB52B}.Debug|Any CPU.ActiveCfg = Debug|Any CPU
		{F9E06261-2F41-4878-AE2F-73E21A3BB52B}.Debug|Any CPU.Build.0 = Debug|Any CPU
		{F9E06261-2F41-4878-AE2F-73E21A3BB52B}.Release|Any CPU.ActiveCfg = Release|Any CPU
		{F9E06261-2F41-4878-AE2F-73E21A3BB52B}.Release|Any CPU.Build.0 = Release|Any CPU
		{A5C78F53-910E-496D-93AB-EE81C048D22E}.Debug|Any CPU.ActiveCfg = Debug|Any CPU
		{A5C78F53-910E-496D-93AB-EE81C048D22E}.Debug|Any CPU.Build.0 = Debug|Any CPU
		{A5C78F53-910E-496D-93AB-EE81C048D22E}.Release|Any CPU.ActiveCfg = Release|Any CPU
		{A5C78F53-910E-496D-93AB-EE81C048D22E}.Release|Any CPU.Build.0 = Release|Any CPU
	EndGlobalSection
	GlobalSection(SolutionProperties) = preSolution
		HideSolutionNode = FALSE
	EndGlobalSection
	GlobalSection(ExtensibilityGlobals) = postSolution
		SolutionGuid = {4CA901F8-BB47-4090-8A2A-78A89850CBC8}
	EndGlobalSection
EndGlobal
